
Microsoft Visual Studio Solution File, Format Version 12.00
# Visual Studio 14
VisualStudioVersion = 14.0.25420.1
MinimumVisualStudioVersion = 10.0.40219.1
Project("{8BC9CEB8-8B4A-11D0-8D11-00A0C91BC942}") = "ExampleEnclave", "ExampleEnclave\ExampleEnclave.vcxproj", "{30A068DD-0C94-4FCC-BCB3-9D75C6A86C1F}"
EndProject
Project("{8BC9CEB8-8B4A-11D0-8D11-00A0C91BC942}") = "LimitTestsApp", "LimitTestsApp\LimitTestsApp.vcxproj", "{1D49A188-131A-4A63-ACC9-1E770BBF0BC1}"
EndProject
Project("{8BC9CEB8-8B4A-11D0-8D11-00A0C91BC942}") = "Compression", "Compression\Compression.vcxproj", "{FC14CEEB-CBE5-48D2-94E7-BC6F7313C392}"
EndProject
Global
	GlobalSection(SolutionConfigurationPlatforms) = preSolution
		Debug|x64 = Debug|x64
		Debug|x86 = Debug|x86
		Prerelease|x64 = Prerelease|x64
		Prerelease|x86 = Prerelease|x86
		Release|x64 = Release|x64
		Release|x86 = Release|x86
		Simulation|x64 = Simulation|x64
		Simulation|x86 = Simulation|x86
	EndGlobalSection
	GlobalSection(ProjectConfigurationPlatforms) = postSolution
		{30A068DD-0C94-4FCC-BCB3-9D75C6A86C1F}.Debug|x64.ActiveCfg = Debug|x64
		{30A068DD-0C94-4FCC-BCB3-9D75C6A86C1F}.Debug|x64.Build.0 = Debug|x64
		{30A068DD-0C94-4FCC-BCB3-9D75C6A86C1F}.Debug|x86.ActiveCfg = Debug|Win32
		{30A068DD-0C94-4FCC-BCB3-9D75C6A86C1F}.Debug|x86.Build.0 = Debug|Win32
		{30A068DD-0C94-4FCC-BCB3-9D75C6A86C1F}.Prerelease|x64.ActiveCfg = Prerelease|x64
		{30A068DD-0C94-4FCC-BCB3-9D75C6A86C1F}.Prerelease|x64.Build.0 = Prerelease|x64
		{30A068DD-0C94-4FCC-BCB3-9D75C6A86C1F}.Prerelease|x86.ActiveCfg = Prerelease|Win32
		{30A068DD-0C94-4FCC-BCB3-9D75C6A86C1F}.Prerelease|x86.Build.0 = Prerelease|Win32
		{30A068DD-0C94-4FCC-BCB3-9D75C6A86C1F}.Release|x64.ActiveCfg = Release|x64
		{30A068DD-0C94-4FCC-BCB3-9D75C6A86C1F}.Release|x64.Build.0 = Release|x64
		{30A068DD-0C94-4FCC-BCB3-9D75C6A86C1F}.Release|x86.ActiveCfg = Release|Win32
		{30A068DD-0C94-4FCC-BCB3-9D75C6A86C1F}.Release|x86.Build.0 = Release|Win32
		{30A068DD-0C94-4FCC-BCB3-9D75C6A86C1F}.Simulation|x64.ActiveCfg = Simulation|x64
		{30A068DD-0C94-4FCC-BCB3-9D75C6A86C1F}.Simulation|x64.Build.0 = Simulation|x64
		{30A068DD-0C94-4FCC-BCB3-9D75C6A86C1F}.Simulation|x86.ActiveCfg = Simulation|Win32
		{30A068DD-0C94-4FCC-BCB3-9D75C6A86C1F}.Simulation|x86.Build.0 = Simulation|Win32
		{1D49A188-131A-4A63-ACC9-1E770BBF0BC1}.Debug|x64.ActiveCfg = Debug|x64
		{1D49A188-131A-4A63-ACC9-1E770BBF0BC1}.Debug|x64.Build.0 = Debug|x64
		{1D49A188-131A-4A63-ACC9-1E770BBF0BC1}.Debug|x86.ActiveCfg = Debug|Win32
		{1D49A188-131A-4A63-ACC9-1E770BBF0BC1}.Debug|x86.Build.0 = Debug|Win32
		{1D49A188-131A-4A63-ACC9-1E770BBF0BC1}.Prerelease|x64.ActiveCfg = Prerelease|x64
		{1D49A188-131A-4A63-ACC9-1E770BBF0BC1}.Prerelease|x64.Build.0 = Prerelease|x64
		{1D49A188-131A-4A63-ACC9-1E770BBF0BC1}.Prerelease|x86.ActiveCfg = Prerelease|Win32
		{1D49A188-131A-4A63-ACC9-1E770BBF0BC1}.Prerelease|x86.Build.0 = Prerelease|Win32
		{1D49A188-131A-4A63-ACC9-1E770BBF0BC1}.Release|x64.ActiveCfg = Release|x64
		{1D49A188-131A-4A63-ACC9-1E770BBF0BC1}.Release|x64.Build.0 = Release|x64
		{1D49A188-131A-4A63-ACC9-1E770BBF0BC1}.Release|x86.ActiveCfg = Release|Win32
		{1D49A188-131A-4A63-ACC9-1E770BBF0BC1}.Release|x86.Build.0 = Release|Win32
		{1D49A188-131A-4A63-ACC9-1E770BBF0BC1}.Simulation|x64.ActiveCfg = Simulation|x64
		{1D49A188-131A-4A63-ACC9-1E770BBF0BC1}.Simulation|x64.Build.0 = Simulation|x64
		{1D49A188-131A-4A63-ACC9-1E770BBF0BC1}.Simulation|x86.ActiveCfg = Simulation|Win32
		{1D49A188-131A-4A63-ACC9-1E770BBF0BC1}.Simulation|x86.Build.0 = Simulation|Win32
		{FC14CEEB-CBE5-48D2-94E7-BC6F7313C392}.Debug|x64.ActiveCfg = Debug|x64
		{FC14CEEB-CBE5-48D2-94E7-BC6F7313C392}.Debug|x64.Build.0 = Debug|x64
		{FC14CEEB-CBE5-48D2-94E7-BC6F7313C392}.Debug|x86.ActiveCfg = Debug|Win32
		{FC14CEEB-CBE5-48D2-94E7-BC6F7313C392}.Debug|x86.Build.0 = Debug|Win32
		{FC14CEEB-CBE5-48D2-94E7-BC6F7313C392}.Prerelease|x64.ActiveCfg = Prerelease|x64
		{FC14CEEB-CBE5-48D2-94E7-BC6F7313C392}.Prerelease|x64.Build.0 = Prerelease|x64
		{FC14CEEB-CBE5-48D2-94E7-BC6F7313C392}.Prerelease|x86.ActiveCfg = Prerelease|Win32
		{FC14CEEB-CBE5-48D2-94E7-BC6F7313C392}.Prerelease|x86.Build.0 = Prerelease|Win32
		{FC14CEEB-CBE5-48D2-94E7-BC6F7313C392}.Release|x64.ActiveCfg = Release|x64
		{FC14CEEB-CBE5-48D2-94E7-BC6F7313C392}.Release|x64.Build.0 = Release|x64
		{FC14CEEB-CBE5-48D2-94E7-BC6F7313C392}.Release|x86.ActiveCfg = Release|Win32
		{FC14CEEB-CBE5-48D2-94E7-BC6F7313C392}.Release|x86.Build.0 = Release|Win32
		{FC14CEEB-CBE5-48D2-94E7-BC6F7313C392}.Simulation|x64.ActiveCfg = Simulation|x64
		{FC14CEEB-CBE5-48D2-94E7-BC6F7313C392}.Simulation|x64.Build.0 = Simulation|x64
		{FC14CEEB-CBE5-48D2-94E7-BC6F7313C392}.Simulation|x86.ActiveCfg = Simulation|Win32
		{FC14CEEB-CBE5-48D2-94E7-BC6F7313C392}.Simulation|x86.Build.0 = Simulation|Win32
	EndGlobalSection
	GlobalSection(SolutionProperties) = preSolution
		HideSolutionNode = FALSE
	EndGlobalSection
EndGlobal
