<?xml version="1.0" encoding="utf-8"?>
<Project ToolsVersion="4.0" xmlns="http://schemas.microsoft.com/developer/msbuild/2003">
  <ItemGroup>
    <Filter Include="Quelldateien">
      <UniqueIdentifier>{4FC737F1-C7A5-4376-A066-2A32D752A2FF}</UniqueIdentifier>
      <Extensions>cpp;c;cc;cxx;def;odl;idl;hpj;bat;asm;asmx</Extensions>
    </Filter>
    <Filter Include="Headerdateien">
      <UniqueIdentifier>{93995380-89BD-4b04-88EB-625FBE52EBFB}</UniqueIdentifier>
      <Extensions>h;hh;hpp;hxx;hm;inl;inc;xsd</Extensions>
    </Filter>
    <Filter Include="Ressourcendateien">
      <UniqueIdentifier>{67DA6AB6-F800-4c08-8B7A-83BB121AAD01}</UniqueIdentifier>
      <Extensions>rc;ico;cur;bmp;dlg;rc2;rct;bin;rgs;gif;jpg;jpeg;jpe;resx;tiff;tif;png;wav;mfcribbon-ms</Extensions>
    </Filter>
    <Filter Include="Source Files">
      <UniqueIdentifier>{3979bf6e-cd92-450f-accc-500caab93dd9}</UniqueIdentifier>
    </Filter>
    <Filter Include="Generated Files">
      <UniqueIdentifier>{d2ca3b03-e57e-4109-a059-ff07c526a813}</UniqueIdentifier>
    </Filter>
    <Filter Include="Quelldateien\crypto">
      <UniqueIdentifier>{7afd9992-ab6b-4c0e-a7ca-4f4cd0f40d1b}</UniqueIdentifier>
    </Filter>
    <Filter Include="Headerdateien\crypto">
      <UniqueIdentifier>{79a74136-0202-46f8-b1ce-597655018fec}</UniqueIdentifier>
    </Filter>
    <Filter Include="Headerdateien\benchmark">
      <UniqueIdentifier>{8ad44840-7f52-49c0-aba8-16e81d4c8fb2}</UniqueIdentifier>
    </Filter>
    <Filter Include="Quelldateien\benchmark">
      <UniqueIdentifier>{461f2373-e5aa-480a-b4b8-5117248a98a2}</UniqueIdentifier>
    </Filter>
    <Filter Include="Headerdateien\util">
      <UniqueIdentifier>{4bfabf19-664b-4f1c-a572-e6e275c95449}</UniqueIdentifier>
    </Filter>
    <Filter Include="Quelldateien\util">
      <UniqueIdentifier>{6e63f1e9-c927-4ae3-b36b-9b6bee7094f6}</UniqueIdentifier>
    </Filter>
  </ItemGroup>
  <ItemGroup>
    <Text Include="ReadMe.txt" />
  </ItemGroup>
  <ItemGroup>
    <ClInclude Include="stdafx.h">
      <Filter>Headerdateien</Filter>
    </ClInclude>
    <ClInclude Include="targetver.h">
      <Filter>Headerdateien</Filter>
    </ClInclude>
    <ClInclude Include="Functions.h">
      <Filter>Headerdateien</Filter>
    </ClInclude>
    <ClInclude Include="PerformanceTests_u.h">
      <Filter>Generated Files</Filter>
    </ClInclude>
    <ClInclude Include="Benchmark.h">
      <Filter>Headerdateien\benchmark</Filter>
    </ClInclude>
    <ClInclude Include="BasicBenchmark.h">
      <Filter>Headerdateien\benchmark</Filter>
    </ClInclude>
    <ClInclude Include="Timer.h">
      <Filter>Headerdateien\util</Filter>
    </ClInclude>
    <ClInclude Include="AESCBCCryptoSystem.h">
      <Filter>Headerdateien\crypto</Filter>
    </ClInclude>
    <ClInclude Include="CryptoSystem.h">
      <Filter>Headerdateien\crypto</Filter>
    </ClInclude>
    <ClInclude Include="BulkBenchmark.h">
      <Filter>Headerdateien\benchmark</Filter>
    </ClInclude>
    <ClInclude Include="BMResult.h">
      <Filter>Headerdateien\benchmark</Filter>
    </ClInclude>
  </ItemGroup>
  <ItemGroup>
    <ClCompile Include="stdafx.cpp">
      <Filter>Quelldateien</Filter>
    </ClCompile>
    <ClCompile Include="PerformanceTestsApp.cpp">
      <Filter>Quelldateien</Filter>
    </ClCompile>
    <ClCompile Include="Functions.cpp">
      <Filter>Quelldateien</Filter>
    </ClCompile>
    <ClCompile Include="PerformanceTests_u.c">
      <Filter>Generated Files</Filter>
    </ClCompile>
    <ClCompile Include="BasicBenchmark.cpp">
      <Filter>Quelldateien\benchmark</Filter>
    </ClCompile>
    <ClCompile Include="Benchmark.cpp">
      <Filter>Quelldateien\benchmark</Filter>
    </ClCompile>
    <ClCompile Include="Timer.cpp">
      <Filter>Quelldateien\util</Filter>
    </ClCompile>
    <ClCompile Include="AESCBCCryptoSystem.cpp">
      <Filter>Quelldateien\crypto</Filter>
    </ClCompile>
    <ClCompile Include="BulkBenchmark.cpp">
      <Filter>Quelldateien\benchmark</Filter>
    </ClCompile>
    <ClCompile Include="BMResult.cpp">
      <Filter>Quelldateien\benchmark</Filter>
    </ClCompile>
  </ItemGroup>
  <ItemGroup>
    <CustomBuild Include="..\PerformanceTests\PerformanceTests.edl">
      <Filter>Source Files</Filter>
    </CustomBuild>
  </ItemGroup>
</Project>