
Microsoft Visual Studio Solution File, Format Version 12.00
# Visual Studio 14
VisualStudioVersion = 14.0.25420.1
MinimumVisualStudioVersion = 10.0.40219.1
Project("{8BC9CEB8-8B4A-11D0-8D11-00A0C91BC942}") = "TestApp", "App_Simulation\App_Simulation.vcxproj", "{817EC3D7-8F88-43CB-A941-109432E9E51D}"
EndProject
Project("{8BC9CEB8-8B4A-11D0-8D11-00A0C91BC942}") = "TestEnclave", "TestEnclave\TestEnclave.vcxproj", "{E94D9AA1-20C0-48CD-ACE1-33E912097101}"
EndProject
Global
	GlobalSection(SolutionConfigurationPlatforms) = preSolution
		Debug|Win32 = Debug|Win32
		Debug|x64 = Debug|x64
		Prerelease|Win32 = Prerelease|Win32
		Prerelease|x64 = Prerelease|x64
		Release|Win32 = Release|Win32
		Release|x64 = Release|x64
		Simulation|Win32 = Simulation|Win32
		Simulation|x64 = Simulation|x64
	EndGlobalSection
	GlobalSection(ProjectConfigurationPlatforms) = postSolution
		{817EC3D7-8F88-43CB-A941-109432E9E51D}.Debug|Win32.ActiveCfg = Debug|Win32
		{817EC3D7-8F88-43CB-A941-109432E9E51D}.Debug|Win32.Build.0 = Debug|Win32
		{817EC3D7-8F88-43CB-A941-109432E9E51D}.Debug|x64.ActiveCfg = Debug|Win32
		{817EC3D7-8F88-43CB-A941-109432E9E51D}.Prerelease|Win32.ActiveCfg = Prerelease|Win32
		{817EC3D7-8F88-43CB-A941-109432E9E51D}.Prerelease|Win32.Build.0 = Prerelease|Win32
		{817EC3D7-8F88-43CB-A941-109432E9E51D}.Prerelease|x64.ActiveCfg = Prerelease|Win32
		{817EC3D7-8F88-43CB-A941-109432E9E51D}.Release|Win32.ActiveCfg = Release|Win32
		{817EC3D7-8F88-43CB-A941-109432E9E51D}.Release|Win32.Build.0 = Release|Win32
		{817EC3D7-8F88-43CB-A941-109432E9E51D}.Release|x64.ActiveCfg = Release|Win32
		{817EC3D7-8F88-43CB-A941-109432E9E51D}.Simulation|Win32.ActiveCfg = Simulation|Win32
		{817EC3D7-8F88-43CB-A941-109432E9E51D}.Simulation|Win32.Build.0 = Simulation|Win32
		{817EC3D7-8F88-43CB-A941-109432E9E51D}.Simulation|x64.ActiveCfg = Simulation|Win32
		{E94D9AA1-20C0-48CD-ACE1-33E912097101}.Debug|Win32.ActiveCfg = Debug|Win32
		{E94D9AA1-20C0-48CD-ACE1-33E912097101}.Debug|Win32.Build.0 = Debug|Win32
		{E94D9AA1-20C0-48CD-ACE1-33E912097101}.Debug|x64.ActiveCfg = Debug|x64
		{E94D9AA1-20C0-48CD-ACE1-33E912097101}.Debug|x64.Build.0 = Debug|x64
		{E94D9AA1-20C0-48CD-ACE1-33E912097101}.Prerelease|Win32.ActiveCfg = Prerelease|Win32
		{E94D9AA1-20C0-48CD-ACE1-33E912097101}.Prerelease|Win32.Build.0 = Prerelease|Win32
		{E94D9AA1-20C0-48CD-ACE1-33E912097101}.Prerelease|x64.ActiveCfg = Prerelease|x64
		{E94D9AA1-20C0-48CD-ACE1-33E912097101}.Prerelease|x64.Build.0 = Prerelease|x64
		{E94D9AA1-20C0-48CD-ACE1-33E912097101}.Release|Win32.ActiveCfg = Release|Win32
		{E94D9AA1-20C0-48CD-ACE1-33E912097101}.Release|Win32.Build.0 = Release|Win32
		{E94D9AA1-20C0-48CD-ACE1-33E912097101}.Release|x64.ActiveCfg = Release|x64
		{E94D9AA1-20C0-48CD-ACE1-33E912097101}.Release|x64.Build.0 = Release|x64
		{E94D9AA1-20C0-48CD-ACE1-33E912097101}.Simulation|Win32.ActiveCfg = Simulation|Win32
		{E94D9AA1-20C0-48CD-ACE1-33E912097101}.Simulation|Win32.Build.0 = Simulation|Win32
		{E94D9AA1-20C0-48CD-ACE1-33E912097101}.Simulation|x64.ActiveCfg = Simulation|x64
		{E94D9AA1-20C0-48CD-ACE1-33E912097101}.Simulation|x64.Build.0 = Simulation|x64
	EndGlobalSection
	GlobalSection(SolutionProperties) = preSolution
		HideSolutionNode = FALSE
	EndGlobalSection
EndGlobal
